version = 1
revision = 3
requires-python = ">=3.12"

[[package]]
name = "dotdotgoose"
version = "0.1.0"
source = { virtual = "." }
dependencies = [
    { name = "numpy" },
    { name = "pillow" },
    { name = "pyqt6" },
]

[package.metadata]
requires-dist = [
    { name = "numpy", specifier = "==1.26.4" },
    { name = "pillow", specifier = "==10.3.0" },
    { name = "pyqt6", specifier = "==6.7.1" },
]

[[package]]
name = "numpy"
version = "1.26.4"
source = { registry = "https://pypi.org/simple" }
sdist = { url = "https://files.pythonhosted.org/packages/65/6e/09db70a523a96d25e115e71cc56a6f9031e7b8cd166c1ac8438307c14058/numpy-1.26.4.tar.gz", hash = "sha256:2a02aba9ed12e4ac4eb3ea9421c420301a0c6460d9830d74a9df87efa4912010", size = 15786129, upload-time = "2024-02-06T00:26:44.495Z" }
wheels = [
    { url = "https://files.pythonhosted.org/packages/95/12/8f2020a8e8b8383ac0177dc9570aad031a3beb12e38847f7129bacd96228/numpy-1.26.4-cp312-cp312-macosx_10_9_x86_64.whl", hash = "sha256:b3ce300f3644fb06443ee2222c2201dd3a89ea6040541412b8fa189341847218", size = 20335901, upload-time = "2024-02-05T23:55:32.801Z" },
    { url = "https://files.pythonhosted.org/packages/75/5b/ca6c8bd14007e5ca171c7c03102d17b4f4e0ceb53957e8c44343a9546dcc/numpy-1.26.4-cp312-cp312-macosx_11_0_arm64.whl", hash = "sha256:03a8c78d01d9781b28a6989f6fa1bb2c4f2d51201cf99d3dd875df6fbd96b23b", size = 13685868, upload-time = "2024-02-05T23:55:56.28Z" },
    { url = "https://files.pythonhosted.org/packages/79/f8/97f10e6755e2a7d027ca783f63044d5b1bc1ae7acb12afe6a9b4286eac17/numpy-1.26.4-cp312-cp312-manylinux_2_17_aarch64.manylinux2014_aarch64.whl", hash = "sha256:9fad7dcb1aac3c7f0584a5a8133e3a43eeb2fe127f47e3632d43d677c66c102b", size = 13925109, upload-time = "2024-02-05T23:56:20.368Z" },
    { url = "https://files.pythonhosted.org/packages/0f/50/de23fde84e45f5c4fda2488c759b69990fd4512387a8632860f3ac9cd225/numpy-1.26.4-cp312-cp312-manylinux_2_17_x86_64.manylinux2014_x86_64.whl", hash = "sha256:675d61ffbfa78604709862923189bad94014bef562cc35cf61d3a07bba02a7ed", size = 17950613, upload-time = "2024-02-05T23:56:56.054Z" },
    { url = "https://files.pythonhosted.org/packages/4c/0c/9c603826b6465e82591e05ca230dfc13376da512b25ccd0894709b054ed0/numpy-1.26.4-cp312-cp312-musllinux_1_1_aarch64.whl", hash = "sha256:ab47dbe5cc8210f55aa58e4805fe224dac469cde56b9f731a4c098b91917159a", size = 13572172, upload-time = "2024-02-05T23:57:21.56Z" },
    { url = "https://files.pythonhosted.org/packages/76/8c/2ba3902e1a0fc1c74962ea9bb33a534bb05984ad7ff9515bf8d07527cadd/numpy-1.26.4-cp312-cp312-musllinux_1_1_x86_64.whl", hash = "sha256:1dda2e7b4ec9dd512f84935c5f126c8bd8b9f2fc001e9f54af255e8c5f16b0e0", size = 17786643, upload-time = "2024-02-05T23:57:56.585Z" },
    { url = "https://files.pythonhosted.org/packages/28/4a/46d9e65106879492374999e76eb85f87b15328e06bd1550668f79f7b18c6/numpy-1.26.4-cp312-cp312-win32.whl", hash = "sha256:50193e430acfc1346175fcbdaa28ffec49947a06918b7b92130744e81e640110", size = 5677803, upload-time = "2024-02-05T23:58:08.963Z" },
    { url = "https://files.pythonhosted.org/packages/16/2e/86f24451c2d530c88daf997cb8d6ac622c1d40d19f5a031ed68a4b73a374/numpy-1.26.4-cp312-cp312-win_amd64.whl", hash = "sha256:08beddf13648eb95f8d867350f6a018a4be2e5ad54c8d8caed89ebca558b2818", size = 15517754, upload-time = "2024-02-05T23:58:36.364Z" },
]

[[package]]
name = "pillow"
version = "10.3.0"
source = { registry = "https://pypi.org/simple" }
sdist = { url = "https://files.pythonhosted.org/packages/ef/43/c50c17c5f7d438e836c169e343695534c38c77f60e7c90389bd77981bc21/pillow-10.3.0.tar.gz", hash = "sha256:9d2455fbf44c914840c793e89aa82d0e1763a14253a000743719ae5946814b2d", size = 46572854, upload-time = "2024-04-01T12:19:40.048Z" }
wheels = [
    { url = "https://files.pythonhosted.org/packages/cc/5d/b7fcd38cba0f7706f64c1674fc9f018e4c64f791770598c44affadea7c2f/pillow-10.3.0-cp312-cp312-macosx_10_10_x86_64.whl", hash = "sha256:e46f38133e5a060d46bd630faa4d9fa0202377495df1f068a8299fd78c84de84", size = 3528535, upload-time = "2024-04-01T12:17:55.891Z" },
    { url = "https://files.pythonhosted.org/packages/5e/77/4cf407e7b033b4d8e5fcaac295b6e159cf1c70fa105d769f01ea2e1e5eca/pillow-10.3.0-cp312-cp312-macosx_11_0_arm64.whl", hash = "sha256:50b8eae8f7334ec826d6eeffaeeb00e36b5e24aa0b9df322c247539714c6df19", size = 3352281, upload-time = "2024-04-01T12:17:58.527Z" },
    { url = "https://files.pythonhosted.org/packages/53/7b/4f7b153a776725a87797d744ea1c73b83ac0b723f5e379297605dee118eb/pillow-10.3.0-cp312-cp312-manylinux_2_17_aarch64.manylinux2014_aarch64.whl", hash = "sha256:9d3bea1c75f8c53ee4d505c3e67d8c158ad4df0d83170605b50b64025917f338", size = 4321427, upload-time = "2024-04-01T12:18:00.809Z" },
    { url = "https://files.pythonhosted.org/packages/45/08/d2cc751b790e77464f8648aa707e2327d6da5d95cf236a532e99c2e7a499/pillow-10.3.0-cp312-cp312-manylinux_2_17_x86_64.manylinux2014_x86_64.whl", hash = "sha256:19aeb96d43902f0a783946a0a87dbdad5c84c936025b8419da0a0cd7724356b1", size = 4435915, upload-time = "2024-04-01T12:18:03.084Z" },
    { url = "https://files.pythonhosted.org/packages/ef/97/f69d1932cf45bf5bd9fa1e2ae57bdf716524faa4fa9fb7dc62cdb1a19113/pillow-10.3.0-cp312-cp312-manylinux_2_28_aarch64.whl", hash = "sha256:74d28c17412d9caa1066f7a31df8403ec23d5268ba46cd0ad2c50fb82ae40462", size = 4347392, upload-time = "2024-04-01T12:18:05.319Z" },
    { url = "https://files.pythonhosted.org/packages/c6/c1/3521ddb9c1f3ac106af3e4512a98c785b6ed8a39e0f778480b8a4d340165/pillow-10.3.0-cp312-cp312-manylinux_2_28_x86_64.whl", hash = "sha256:ff61bfd9253c3915e6d41c651d5f962da23eda633cf02262990094a18a55371a", size = 4514536, upload-time = "2024-04-01T12:18:08.039Z" },
    { url = "https://files.pythonhosted.org/packages/c0/6f/347c241904a6514e59515284b01ba6f61765269a0d1a19fd2e6cbe331c8a/pillow-10.3.0-cp312-cp312-musllinux_1_1_aarch64.whl", hash = "sha256:d886f5d353333b4771d21267c7ecc75b710f1a73d72d03ca06df49b09015a9ef", size = 4555987, upload-time = "2024-04-01T12:18:10.106Z" },
    { url = "https://files.pythonhosted.org/packages/c3/e2/3cc490c6b2e262713da82ce849c34bd8e6c31242afb53be8595d820b9877/pillow-10.3.0-cp312-cp312-musllinux_1_1_x86_64.whl", hash = "sha256:4b5ec25d8b17217d635f8935dbc1b9aa5907962fae29dff220f2659487891cd3", size = 4623526, upload-time = "2024-04-01T12:18:12.172Z" },
    { url = "https://files.pythonhosted.org/packages/c1/b3/0209f70fa29b383e7618e47db95712a45788dea03bb960601753262a2883/pillow-10.3.0-cp312-cp312-win32.whl", hash = "sha256:51243f1ed5161b9945011a7360e997729776f6e5d7005ba0c6879267d4c5139d", size = 2217547, upload-time = "2024-04-01T12:18:14.188Z" },
    { url = "https://files.pythonhosted.org/packages/d3/23/3927d888481ff7c44fdbca3bc2a2e97588c933db46723bf115201377c436/pillow-10.3.0-cp312-cp312-win_amd64.whl", hash = "sha256:412444afb8c4c7a6cc11a47dade32982439925537e483be7c0ae0cf96c4f6a0b", size = 2531641, upload-time = "2024-04-01T12:18:16.081Z" },
    { url = "https://files.pythonhosted.org/packages/db/36/1ecaa0541d3a1b1362f937d386eeb1875847bfa06d5225f1b0e1588d1007/pillow-10.3.0-cp312-cp312-win_arm64.whl", hash = "sha256:798232c92e7665fe82ac085f9d8e8ca98826f8e27859d9a96b41d519ecd2e49a", size = 2229746, upload-time = "2024-04-01T12:18:18.174Z" },
]

[[package]]
name = "pyqt6"
version = "6.7.1"
source = { registry = "https://pypi.org/simple" }
dependencies = [
    { name = "pyqt6-qt6" },
    { name = "pyqt6-sip" },
]
sdist = { url = "https://files.pythonhosted.org/packages/d1/f9/b0c2ba758b14a7219e076138ea1e738c068bf388e64eee68f3df4fc96f5a/PyQt6-6.7.1.tar.gz", hash = "sha256:3672a82ccd3a62e99ab200a13903421e2928e399fda25ced98d140313ad59cb9", size = 1051212, upload-time = "2024-07-19T08:49:58.247Z" }
wheels = [
    { url = "https://files.pythonhosted.org/packages/45/b0/20a05cfe287a1bc5a034cfed002bb1999f71c15e53a6ab7886c010ea0ba3/PyQt6-6.7.1-1-cp38-abi3-manylinux_2_28_aarch64.whl", hash = "sha256:7f397f4b38b23b5588eb2c0933510deb953d96b1f0323a916c4839c2a66ccccc", size = 8020146, upload-time = "2024-07-31T09:50:04.992Z" },
    { url = "https://files.pythonhosted.org/packages/e4/d3/8789879c05cfe06127c4b59258632bd175fcdd9eaaadaf0c897b458fb91d/PyQt6-6.7.1-1-cp38-abi3-manylinux_2_28_x86_64.whl", hash = "sha256:c2f202b7941aa74e5c7e1463a6f27d9131dbc1e6cabe85571d7364f5b3de7397", size = 8227345, upload-time = "2024-07-31T09:50:13.511Z" },
    { url = "https://files.pythonhosted.org/packages/15/2b/a0c516931697214dcb93b24a62f54b7467194ba1c76f3f7a55cb3a120cc9/PyQt6-6.7.1-cp38-abi3-macosx_11_0_universal2.whl", hash = "sha256:f053378e3aef6248fa612c8afddda17f942fb63f9fe8a9aeb2a6b6b4cbb0eba9", size = 11871174, upload-time = "2024-07-19T08:49:21.831Z" },
    { url = "https://files.pythonhosted.org/packages/59/8c/3b528f5fa8dfc3d0ba07d8da37ea72dfc59352d80804a12507d7080efb30/PyQt6-6.7.1-cp38-abi3-manylinux_2_28_aarch64.whl", hash = "sha256:0adb7914c732ad1dee46d9cec838a98cb2b11bc38cc3b7b36fbd8701ae64bf47", size = 7999939, upload-time = "2024-07-19T08:49:30.82Z" },
    { url = "https://files.pythonhosted.org/packages/d8/58/5082dd3654da2b17de19057f181526df566f38af90f517cb8a541bea0890/PyQt6-6.7.1-cp38-abi3-manylinux_2_28_x86_64.whl", hash = "sha256:2d771fa0981514cb1ee937633dfa64f14caa902707d9afffab66677f3a73e3da", size = 8177790, upload-time = "2024-07-19T08:49:48.394Z" },
    { url = "https://files.pythonhosted.org/packages/a3/69/99d22ee685c08a99fcf2048d366fe6173ba6e43ee13b95a3a2ac2911c52c/PyQt6-6.7.1-cp38-abi3-win_amd64.whl", hash = "sha256:fa3954698233fe286a8afc477b84d8517f0788eb46b74da69d3ccc0170d3714c", size = 6596360, upload-time = "2024-07-19T08:49:55.594Z" },
]

[[package]]
name = "pyqt6-qt6"
version = "6.7.3"
source = { registry = "https://pypi.org/simple" }
wheels = [
    { url = "https://files.pythonhosted.org/packages/25/a2/9ef7c001068da2d3c8c37fe0e1e0451b1073d47c6ef4e44abf5883559963/PyQt6_Qt6-6.7.3-py3-none-macosx_10_14_x86_64.whl", hash = "sha256:f517a93b6b1a814d4aa6587adc312e812ebaf4d70415bb15cfb44268c5ad3f5f", size = 49136114, upload-time = "2024-09-29T16:25:15.055Z" },
    { url = "https://files.pythonhosted.org/packages/ec/63/a85bdd7c66800208f0af417bb4d07cb1543a75384021e4594e66d919f855/PyQt6_Qt6-6.7.3-py3-none-macosx_11_0_arm64.whl", hash = "sha256:8551732984fb36a5f4f3db51eafc4e8e6caf18617365830285306f2db17a94c2", size = 45762813, upload-time = "2024-09-29T16:25:20.956Z" },
    { url = "https://files.pythonhosted.org/packages/8a/6c/4f329f83a6082a7b4c1dc6046e2c48edb72e0d6d0ca3f8d0701fe134dccf/PyQt6_Qt6-6.7.3-py3-none-manylinux_2_28_aarch64.whl", hash = "sha256:50c7482bcdcf2bb78af257fb10ed8b582f8daf91d829782393bc50ac5a0a900c", size = 63801442, upload-time = "2024-09-29T16:25:26.637Z" },
    { url = "https://files.pythonhosted.org/packages/88/4d/26ca7239f7223e5b95b58a58537a09b069582ebb4dfa38234113a9f898ab/PyQt6_Qt6-6.7.3-py3-none-manylinux_2_28_x86_64.whl", hash = "sha256:cb525fdd393332de60887953029276a44de480fce1d785251ae639580f5e7246", size = 74366973, upload-time = "2024-09-29T16:25:33.595Z" },
    { url = "https://files.pythonhosted.org/packages/7e/57/3b44f6af1020fa543bd564c5bd346ba4aab1f1be0b861c2e8a0ad88cf3ca/PyQt6_Qt6-6.7.3-py3-none-win_amd64.whl", hash = "sha256:36ea0892b8caeb983af3f285f45fb8dfbb93cfd972439f4e01b7efb2868f6230", size = 58467498, upload-time = "2024-09-29T16:25:39.569Z" },
]

[[package]]
name = "pyqt6-sip"
version = "13.11.1"
source = { registry = "https://pypi.org/simple" }
sdist = { url = "https://files.pythonhosted.org/packages/90/24/a753e1af94b9ae5b2da63d4598457308da3cdbf0838c959381db086ccc86/pyqt6_sip-13.11.1.tar.gz", hash = "sha256:869c5b48afe38e55b1ee0dd72182b0886e968cc509b98023ff50010b013ce1be", size = 92574, upload-time = "2026-03-09T13:01:35.418Z" }
wheels = [
    { url = "https://files.pythonhosted.org/packages/46/27/47598e701d284497216bf97bf8b6a69f5e61412e716c232ff2b7e6cb2100/pyqt6_sip-13.11.1-cp312-cp312-macosx_10_9_universal2.whl", hash = "sha256:ba9d362dd1e54b43bc2594f8841e1e39d24789716d28f08e5c9282af9fca342c", size = 112564, upload-time = "2026-03-09T13:01:14.628Z" },
    { url = "https://files.pythonhosted.org/packages/95/cb/116f9b328636765f3bce97d9e10ec041c54bbe92beb0617edb86c2b615c1/pyqt6_sip-13.11.1-cp312-cp312-manylinux1_x86_64.manylinux_2_5_x86_64.whl", hash = "sha256:0df15849946cea969d3ff2b24b76149262b6044aea2c5403e4f70c24c973a4c8", size = 299564, upload-time = "2026-03-09T13:01:17.292Z" },
    { url = "https://files.pythonhosted.org/packages/1b/be/fe2321285e8f683e705d199dbb458131f1850dc5966155a19c40100c85bb/pyqt6_sip-13.11.1-cp312-cp312-manylinux_2_17_aarch64.manylinux2014_aarch64.whl", hash = "sha256:c52b2b27fc77d9447a8dc1c6de1aaccc22d41e48697aafb2f2f20b8984bb02a5", size = 321210, upload-time = "2026-03-09T13:01:15.904Z" },
    { url = "https://files.pythonhosted.org/packages/ec/9b/7d4b10f9cba1b6f581dfb4860b9d11898da55a5ed3b8a6e7a1bf9f7084d0/pyqt6_sip-13.11.1-cp312-cp312-win_amd64.whl", hash = "sha256:1d1c67179c1924b28e3d7f04585639e7a7c0946f62390efc6ccf2a6206e595d3", size = 53351, upload-time = "2026-03-09T13:01:19.327Z" },
    { url = "https://files.pythonhosted.org/packages/06/72/6c4e6f21cafa4bed40d2b0c1563525b0d8bfcb5734493696f4cfd043b45f/pyqt6_sip-13.11.1-cp312-cp312-win_arm64.whl", hash = "sha256:d83543125fe9fdb153e7e446c3b4d056d80ab5953644660633ab3f80e7784194", size = 48746, upload-time = "2026-03-09T13:01:20.248Z" },
    { url = "https://files.pythonhosted.org/packages/ee/0b/dc76c463c203e630b2c6417d4d5e337e919a265ac1c10127ef413551f5de/pyqt6_sip-13.11.1-cp313-cp313-macosx_10_13_universal2.whl", hash = "sha256:0c6d097aae7df312519e2b36e001bd796f6a2ce060ab8b9ed793daa8f407fe2e", size = 112552, upload-time = "2026-03-09T13:01:21.493Z" },
    { url = "https://files.pythonhosted.org/packages/d4/e3/65b605759859d38231ce7544065d4c61f891eb7766c351318e2a0b08a473/pyqt6_sip-13.11.1-cp313-cp313-manylinux1_x86_64.manylinux_2_5_x86_64.whl", hash = "sha256:a72f4ebdab16a8a484019ff593de90d8013d3286b678c6ba1c0bdb117f4fcb13", size = 299932, upload-time = "2026-03-09T13:01:24.912Z" },
    { url = "https://files.pythonhosted.org/packages/60/f7/c10d2dd5bf503a1de83bd163467bd323f12af016866c2814743b5b1efe1c/pyqt6_sip-13.11.1-cp313-cp313-manylinux_2_17_aarch64.manylinux2014_aarch64.whl", hash = "sha256:b68e442efc4275651bf63f2c43713e242924fd948909e31cf8f20d783ca505e9", size = 321497, upload-time = "2026-03-09T13:01:22.724Z" },
    { url = "https://files.pythonhosted.org/packages/e1/1f/e7e5ad77a76c00db5c8c1b9960f2b0672ec1978b971bb3509858cd7a9458/pyqt6_sip-13.11.1-cp313-cp313-win_amd64.whl", hash = "sha256:ca24bfd4d5d8274e338433df9ac41930650088c00018d3313c6bd8de21772a02", size = 53371, upload-time = "2026-03-09T13:01:26.286Z" },
    { url = "https://files.pythonhosted.org/packages/36/ef/a7acaf44980aed6fe26f1320e265db528fecb6a47ac67829c7cd011e9821/pyqt6_sip-13.11.1-cp313-cp313-win_arm64.whl", hash = "sha256:f532144c43f2fddcccf2e25df50cdb4a744edb4ce4ba5ed2d0f2cef825197f2f", size = 48745, upload-time = "2026-03-09T13:01:27.212Z" },
    { url = "https://files.pythonhosted.org/packages/20/1d/62c633faedef5bb3b8c7486a72e8a6466adaa2a14efcfccf85bb23426748/pyqt6_sip-13.11.1-cp314-cp314-macosx_10_15_universal2.whl", hash = "sha256:cb931c1af45294bbe8039c5cfda184e3023f5dc766fc884964010eedd8fd85db", size = 112678, upload-time = "2026-03-09T13:01:28.15Z" },
    { url = "https://files.pythonhosted.org/packages/03/72/5a3d9ffef0caa7e1bc7a35d6300f6099bfccd1d8a485b4320ba20013a2d9/pyqt6_sip-13.11.1-cp314-cp314-manylinux1_x86_64.manylinux_2_5_x86_64.whl", hash = "sha256:353d613129316e9f7eda6bbe821deb7b7ffa14483499189171fd8a246873f9ac", size = 299560, upload-time = "2026-03-09T13:01:32.134Z" },
    { url = "https://files.pythonhosted.org/packages/98/f4/886f901f1e04da717a11e180ba19a9c7fc62da170966d57206006f173bda/pyqt6_sip-13.11.1-cp314-cp314-manylinux_2_17_aarch64.manylinux2014_aarch64.whl", hash = "sha256:fcadd68e09ee24cdda8f8bfcba52e59c9b297055d2c450f0eb89afa61a8dc31a", size = 321846, upload-time = "2026-03-09T13:01:29.817Z" },
    { url = "https://files.pythonhosted.org/packages/96/f2/b68fd566f7f86dbb53d933489e70487cabaea0e0161690e4899653bbc7fb/pyqt6_sip-13.11.1-cp314-cp314-win_amd64.whl", hash = "sha256:581e287bf42587593b88b30d9db06ed0fccbf40f345a5bd3ec3f00a5692e2430", size = 55055, upload-time = "2026-03-09T13:01:33.467Z" },
    { url = "https://files.pythonhosted.org/packages/8d/42/efb7ced69f7d1d31eb8f19b2d778aeb182be7e070569d02b9057ac478e3e/pyqt6_sip-13.11.1-cp314-cp314-win_arm64.whl", hash = "sha256:42b62530a9b6a9c6e29c2941b8ab78258652da0aeae4eb1fc9a0631d19a7a7b2", size = 49597, upload-time = "2026-03-09T13:01:34.49Z" },
]
